
Microsoft Visual Studio Solution File, Format Version 12.00
# Visual Studio Version 16
VisualStudioVersion = 16.0.31112.23
MinimumVisualStudioVersion = 10.0.40219.1
Project("{FAE04EC0-301F-11D3-BF4B-00C04F79EFBC}") = "EMR", "EMR.csproj", "{705CEBAF-A528-48D7-8F3B-F776FEB578DC}"
EndProject
Global
	GlobalSection(SolutionConfigurationPlatforms) = preSolution
		Debug|Any CPU = Debug|Any CPU
		Release|Any CPU = Release|Any CPU
	EndGlobalSection
	GlobalSection(ProjectConfigurationPlatforms) = postSolution
		{705CEBAF-A528-48D7-8F3B-F776FEB578DC}.Debug|Any CPU.ActiveCfg = Debug|Any CPU
		{705CEBAF-A528-48D7-8F3B-F776FEB578DC}.Debug|Any CPU.Build.0 = Debug|Any CPU
		{705CEBAF-A528-48D7-8F3B-F776FEB578DC}.Release|Any CPU.ActiveCfg = Release|Any CPU
		{705CEBAF-A528-48D7-8F3B-F776FEB578DC}.Release|Any CPU.Build.0 = Release|Any CPU
	EndGlobalSection
	GlobalSection(SolutionProperties) = preSolution
		HideSolutionNode = FALSE
	EndGlobalSection
	GlobalSection(ExtensibilityGlobals) = postSolution
		SolutionGuid = {397C43C7-8330-472B-9494-AA7F226A2FB3}
	EndGlobalSection
EndGlobal
